// !$*UTF8*$!
{
	archiveVersion = 1;
	classes = {
	};
	objectVersion = 46;
	objects = {

/* Begin PBXBuildFile section */
		44063C2E1D53C8910065BE5E /* AppDelegate.swift in Sources */ = {isa = PBXBuildFile; fileRef = 44063C2D1D53C8910065BE5E /* AppDelegate.swift */; };
		44063C301D53C8910065BE5E /* Assets.xcassets in Resources */ = {isa = PBXBuildFile; fileRef = 44063C2F1D53C8910065BE5E /* Assets.xcassets */; };
		44063C331D53C8910065BE5E /* MainMenu.xib in Resources */ = {isa = PBXBuildFile; fileRef = 44063C311D53C8910065BE5E /* MainMenu.xib */; };
		44063C3B1D53C92C0065BE5E /* Sample.xib in Resources */ = {isa = PBXBuildFile; fileRef = 44063C3A1D53C92C0065BE5E /* Sample.xib */; };
		44063C3D1D53C9700065BE5E /* Sample.swift in Sources */ = {isa = PBXBuildFile; fileRef = 44063C3C1D53C9700065BE5E /* Sample.swift */; };
		44063C3F1D53CA620065BE5E /* BackgroundView.swift in Sources */ = {isa = PBXBuildFile; fileRef = 44063C3E1D53CA620065BE5E /* BackgroundView.swift */; };
		44063C411D53CA6D0065BE5E /* MyNSView.swift in Sources */ = {isa = PBXBuildFile; fileRef = 44063C401D53CA6D0065BE5E /* MyNSView.swift */; };
/* End PBXBuildFile section */

/* Begin PBXFileReference section */
		44063C2A1D53C8910065BE5E /* PopoverStackOverflow.app */ = {isa = PBXFileReference; explicitFileType = wrapper.application; includeInIndex = 0; path = PopoverStackOverflow.app; sourceTree = BUILT_PRODUCTS_DIR; };
		44063C2D1D53C8910065BE5E /* AppDelegate.swift */ = {isa = PBXFileReference; lastKnownFileType = sourcecode.swift; path = AppDelegate.swift; sourceTree = "<group>"; };
		44063C2F1D53C8910065BE5E /* Assets.xcassets */ = {isa = PBXFileReference; lastKnownFileType = folder.assetcatalog; path = Assets.xcassets; sourceTree = "<group>"; };
		44063C321D53C8910065BE5E /* Base */ = {isa = PBXFileReference; lastKnownFileType = file.xib; name = Base; path = Base.lproj/MainMenu.xib; sourceTree = "<group>"; };
		44063C341D53C8910065BE5E /* Info.plist */ = {isa = PBXFileReference; lastKnownFileType = text.plist.xml; path = Info.plist; sourceTree = "<group>"; };
		44063C3A1D53C92C0065BE5E /* Sample.xib */ = {isa = PBXFileReference; fileEncoding = 4; lastKnownFileType = file.xib; path = Sample.xib; sourceTree = "<group>"; };
		44063C3C1D53C9700065BE5E /* Sample.swift */ = {isa = PBXFileReference; fileEncoding = 4; lastKnownFileType = sourcecode.swift; path = Sample.swift; sourceTree = "<group>"; };
		44063C3E1D53CA620065BE5E /* BackgroundView.swift */ = {isa = PBXFileReference; fileEncoding = 4; lastKnownFileType = sourcecode.swift; path = BackgroundView.swift; sourceTree = "<group>"; };
		44063C401D53CA6D0065BE5E /* MyNSView.swift */ = {isa = PBXFileReference; fileEncoding = 4; lastKnownFileType = sourcecode.swift; path = MyNSView.swift; sourceTree = "<group>"; };
/* End PBXFileReference section */

/* Begin PBXFrameworksBuildPhase section */
		44063C271D53C8910065BE5E /* Frameworks */ = {
			isa = PBXFrameworksBuildPhase;
			buildActionMask = 2147483647;
			files = (
			);
			runOnlyForDeploymentPostprocessing = 0;
		};
/* End PBXFrameworksBuildPhase section */

/* Begin PBXGroup section */
		44063C211D53C8910065BE5E = {
			isa = PBXGroup;
			children = (
				44063C401D53CA6D0065BE5E /* MyNSView.swift */,
				44063C3E1D53CA620065BE5E /* BackgroundView.swift */,
				44063C3C1D53C9700065BE5E /* Sample.swift */,
				44063C3A1D53C92C0065BE5E /* Sample.xib */,
				44063C2C1D53C8910065BE5E /* PopoverStackOverflow */,
				44063C2B1D53C8910065BE5E /* Products */,
			);
			sourceTree = "<group>";
		};
		44063C2B1D53C8910065BE5E /* Products */ = {
			isa = PBXGroup;
			children = (
				44063C2A1D53C8910065BE5E /* PopoverStackOverflow.app */,
			);
			name = Products;
			sourceTree = "<group>";
		};
		44063C2C1D53C8910065BE5E /* PopoverStackOverflow */ = {
			isa = PBXGroup;
			children = (
				44063C2D1D53C8910065BE5E /* AppDelegate.swift */,
				44063C2F1D53C8910065BE5E /* Assets.xcassets */,
				44063C311D53C8910065BE5E /* MainMenu.xib */,
				44063C341D53C8910065BE5E /* Info.plist */,
			);
			path = PopoverStackOverflow;
			sourceTree = "<group>";
		};
/* End PBXGroup section */

/* Begin PBXNativeTarget section */
		44063C291D53C8910065BE5E /* PopoverStackOverflow */ = {
			isa = PBXNativeTarget;
			buildConfigurationList = 44063C371D53C8910065BE5E /* Build configuration list for PBXNativeTarget "PopoverStackOverflow" */;
			buildPhases = (
				44063C261D53C8910065BE5E /* Sources */,
				44063C271D53C8910065BE5E /* Frameworks */,
				44063C281D53C8910065BE5E /* Resources */,
			);
			buildRules = (
			);
			dependencies = (
			);
			name = PopoverStackOverflow;
			productName = PopoverStackOverflow;
			productReference = 44063C2A1D53C8910065BE5E /* PopoverStackOverflow.app */;
			productType = "com.apple.product-type.application";
		};
/* End PBXNativeTarget section */

/* Begin PBXProject section */
		44063C221D53C8910065BE5E /* Project object */ = {
			isa = PBXProject;
			attributes = {
				LastSwiftUpdateCheck = 0730;
				LastUpgradeCheck = 0730;
				ORGANIZATIONNAME = JohnIsaac;
				TargetAttributes = {
					44063C291D53C8910065BE5E = {
						CreatedOnToolsVersion = 7.3;
					};
				};
			};
			buildConfigurationList = 44063C251D53C8910065BE5E /* Build configuration list for PBXProject "PopoverStackOverflow" */;
			compatibilityVersion = "Xcode 3.2";
			developmentRegion = English;
			hasScannedForEncodings = 0;
			knownRegions = (
				en,
				Base,
			);
			mainGroup = 44063C211D53C8910065BE5E;
			productRefGroup = 44063C2B1D53C8910065BE5E /* Products */;
			projectDirPath = "";
			projectRoot = "";
			targets = (
				44063C291D53C8910065BE5E /* PopoverStackOverflow */,
			);
		};
/* End PBXProject section */

/* Begin PBXResourcesBuildPhase section */
		44063C281D53C8910065BE5E /* Resources */ = {
			isa = PBXResourcesBuildPhase;
			buildActionMask = 2147483647;
			files = (
				44063C301D53C8910065BE5E /* Assets.xcassets in Resources */,
				44063C3B1D53C92C0065BE5E /* Sample.xib in Resources */,
				44063C331D53C8910065BE5E /* MainMenu.xib in Resources */,
			);
			runOnlyForDeploymentPostprocessing = 0;
		};
/* End PBXResourcesBuildPhase section */

/* Begin PBXSourcesBuildPhase section */
		44063C261D53C8910065BE5E /* Sources */ = {
			isa = PBXSourcesBuildPhase;
			buildActionMask = 2147483647;
			files = (
				44063C3F1D53CA620065BE5E /* BackgroundView.swift in Sources */,
				44063C2E1D53C8910065BE5E /* AppDelegate.swift in Sources */,
				44063C3D1D53C9700065BE5E /* Sample.swift in Sources */,
				44063C411D53CA6D0065BE5E /* MyNSView.swift in Sources */,
			);
			runOnlyForDeploymentPostprocessing = 0;
		};
/* End PBXSourcesBuildPhase section */

/* Begin PBXVariantGroup section */
		44063C311D53C8910065BE5E /* MainMenu.xib */ = {
			isa = PBXVariantGroup;
			children = (
				44063C321D53C8910065BE5E /* Base */,
			);
			name = MainMenu.xib;
			sourceTree = "<group>";
		};
/* End PBXVariantGroup section */

/* Begin XCBuildConfiguration section */
		44063C351D53C8910065BE5E /* Debug */ = {
			isa = XCBuildConfiguration;
			buildSettings = {
				ALWAYS_SEARCH_USER_PATHS = NO;
				CLANG_ANALYZER_NONNULL = YES;
				CLANG_CXX_LANGUAGE_STANDARD = "gnu++0x";
				CLANG_CXX_LIBRARY = "libc++";
				CLANG_ENABLE_MODULES = YES;
				CLANG_ENABLE_OBJC_ARC = YES;
				CLANG_WARN_BOOL_CONVERSION = YES;
				CLANG_WARN_CONSTANT_CONVERSION = YES;
				CLANG_WARN_DIRECT_OBJC_ISA_USAGE = YES_ERROR;
				CLANG_WARN_EMPTY_BODY = YES;
				CLANG_WARN_ENUM_CONVERSION = YES;
				CLANG_WARN_INT_CONVERSION = YES;
				CLANG_WARN_OBJC_ROOT_CLASS = YES_ERROR;
				CLANG_WARN_UNREACHABLE_CODE = YES;
				CLANG_WARN__DUPLICATE_METHOD_MATCH = YES;
				CODE_SIGN_IDENTITY = "-";
				COPY_PHASE_STRIP = NO;
				DEBUG_INFORMATION_FORMAT = dwarf;
				ENABLE_STRICT_OBJC_MSGSEND = YES;
				ENABLE_TESTABILITY = YES;
				GCC_C_LANGUAGE_STANDARD = gnu99;
				GCC_DYNAMIC_NO_PIC = NO;
				GCC_NO_COMMON_BLOCKS = YES;
				GCC_OPTIMIZATION_LEVEL = 0;
				GCC_PREPROCESSOR_DEFINITIONS = (
					"DEBUG=1",
					"$(inherited)",
				);
				GCC_WARN_64_TO_32_BIT_CONVERSION = YES;
				GCC_WARN_ABOUT_RETURN_TYPE = YES_ERROR;
				GCC_WARN_UNDECLARED_SELECTOR = YES;
				GCC_WARN_UNINITIALIZED_AUTOS = YES_AGGRESSIVE;
				GCC_WARN_UNUSED_FUNCTION = YES;
				GCC_WARN_UNUSED_VARIABLE = YES;
				MACOSX_DEPLOYMENT_TARGET = 10.11;
				MTL_ENABLE_DEBUG_INFO = YES;
				ONLY_ACTIVE_ARCH = YES;
				SDKROOT = macosx;
				SWIFT_OPTIMIZATION_LEVEL = "-Onone";
			};
			name = Debug;
		};
		44063C361D53C8910065BE5E /* Release */ = {
			isa = XCBuildConfiguration;
			buildSettings = {
				ALWAYS_SEARCH_USER_PATHS = NO;
				CLANG_ANALYZER_NONNULL = YES;
				CLANG_CXX_LANGUAGE_STANDARD = "gnu++0x";
				CLANG_CXX_LIBRARY = "libc++";
				CLANG_ENABLE_MODULES = YES;
				CLANG_ENABLE_OBJC_ARC = YES;
				CLANG_WARN_BOOL_CONVERSION = YES;
				CLANG_WARN_CONSTANT_CONVERSION = YES;
				CLANG_WARN_DIRECT_OBJC_ISA_USAGE = YES_ERROR;
				CLANG_WARN_EMPTY_BODY = YES;
				CLANG_WARN_ENUM_CONVERSION = YES;
				CLANG_WARN_INT_CONVERSION = YES;
				CLANG_WARN_OBJC_ROOT_CLASS = YES_ERROR;
				CLANG_WARN_UNREACHABLE_CODE = YES;
				CLANG_WARN__DUPLICATE_METHOD_MATCH = YES;
				CODE_SIGN_IDENTITY = "-";
				COPY_PHASE_STRIP = NO;
				DEBUG_INFORMATION_FORMAT = "dwarf-with-dsym";
				ENABLE_NS_ASSERTIONS = NO;
				ENABLE_STRICT_OBJC_MSGSEND = YES;
				GCC_C_LANGUAGE_STANDARD = gnu99;
				GCC_NO_COMMON_BLOCKS = YES;
				GCC_WARN_64_TO_32_BIT_CONVERSION = YES;
				GCC_WARN_ABOUT_RETURN_TYPE = YES_ERROR;
				GCC_WARN_UNDECLARED_SELECTOR = YES;
				GCC_WARN_UNINITIALIZED_AUTOS = YES_AGGRESSIVE;
				GCC_WARN_UNUSED_FUNCTION = YES;
				GCC_WARN_UNUSED_VARIABLE = YES;
				MACOSX_DEPLOYMENT_TARGET = 10.11;
				MTL_ENABLE_DEBUG_INFO = NO;
				SDKROOT = macosx;
			};
			name = Release;
		};
		44063C381D53C8910065BE5E /* Debug */ = {
			isa = XCBuildConfiguration;
			buildSettings = {
				ASSETCATALOG_COMPILER_APPICON_NAME = AppIcon;
				COMBINE_HIDPI_IMAGES = YES;
				INFOPLIST_FILE = PopoverStackOverflow/Info.plist;
				LD_RUNPATH_SEARCH_PATHS = "$(inherited) @executable_path/../Frameworks";
				PRODUCT_BUNDLE_IDENTIFIER = com.JohnIsaac.PopoverStackOverflow;
				PRODUCT_NAME = "$(TARGET_NAME)";
			};
			name = Debug;
		};
		44063C391D53C8910065BE5E /* Release */ = {
			isa = XCBuildConfiguration;
			buildSettings = {
				ASSETCATALOG_COMPILER_APPICON_NAME = AppIcon;
				COMBINE_HIDPI_IMAGES = YES;
				INFOPLIST_FILE = PopoverStackOverflow/Info.plist;
				LD_RUNPATH_SEARCH_PATHS = "$(inherited) @executable_path/../Frameworks";
				PRODUCT_BUNDLE_IDENTIFIER = com.JohnIsaac.PopoverStackOverflow;
				PRODUCT_NAME = "$(TARGET_NAME)";
			};
			name = Release;
		};
/* End XCBuildConfiguration section */

/* Begin XCConfigurationList section */
		44063C251D53C8910065BE5E /* Build configuration list for PBXProject "PopoverStackOverflow" */ = {
			isa = XCConfigurationList;
			buildConfigurations = (
				44063C351D53C8910065BE5E /* Debug */,
				44063C361D53C8910065BE5E /* Release */,
			);
			defaultConfigurationIsVisible = 0;
			defaultConfigurationName = Release;
		};
		44063C371D53C8910065BE5E /* Build configuration list for PBXNativeTarget "PopoverStackOverflow" */ = {
			isa = XCConfigurationList;
			buildConfigurations = (
				44063C381D53C8910065BE5E /* Debug */,
				44063C391D53C8910065BE5E /* Release */,
			);
			defaultConfigurationIsVisible = 0;
		};
/* End XCConfigurationList section */
	};
	rootObject = 44063C221D53C8910065BE5E /* Project object */;
}
